// !$*UTF8*$!
{
	archiveVersion = 1;
	classes = {
	};
	objectVersion = 50;
	objects = {

/* Begin PBXBuildFile section */
		A7B4CACB26EEBE8B00E8559D /* AppDelegate.swift in Sources */ = {isa = PBXBuildFile; fileRef = A7B4CACA26EEBE8B00E8559D /* AppDelegate.swift */; };
		A7B4CACD26EEBE8B00E8559D /* SceneDelegate.swift in Sources */ = {isa = PBXBuildFile; fileRef = A7B4CACC26EEBE8B00E8559D /* SceneDelegate.swift */; };
		A7B4CACF26EEBE8B00E8559D /* HomeViewController.swift in Sources */ = {isa = PBXBuildFile; fileRef = A7B4CACE26EEBE8B00E8559D /* HomeViewController.swift */; };
		A7B4CAD226EEBE8B00E8559D /* Main.storyboard in Resources */ = {isa = PBXBuildFile; fileRef = A7B4CAD026EEBE8B00E8559D /* Main.storyboard */; };
		A7B4CAD426EEBE8C00E8559D /* Assets.xcassets in Resources */ = {isa = PBXBuildFile; fileRef = A7B4CAD326EEBE8C00E8559D /* Assets.xcassets */; };
		A7B4CAD726EEBE8C00E8559D /* LaunchScreen.storyboard in Resources */ = {isa = PBXBuildFile; fileRef = A7B4CAD526EEBE8C00E8559D /* LaunchScreen.storyboard */; };
		A7B4CAE426EEC12700E8559D /* ExploreViewController.swift in Sources */ = {isa = PBXBuildFile; fileRef = A7B4CAE326EEC12700E8559D /* ExploreViewController.swift */; };
		A7B4CAE626EEC27B00E8559D /* CameraViewController.swift in Sources */ = {isa = PBXBuildFile; fileRef = A7B4CAE526EEC27B00E8559D /* CameraViewController.swift */; };
		A7B4CAE826EEC29000E8559D /* NotificationsViewController.swift in Sources */ = {isa = PBXBuildFile; fileRef = A7B4CAE726EEC29000E8559D /* NotificationsViewController.swift */; };
		A7B4CAEA26EEC2A100E8559D /* ProfileViewController.swift in Sources */ = {isa = PBXBuildFile; fileRef = A7B4CAE926EEC2A100E8559D /* ProfileViewController.swift */; };
/* End PBXBuildFile section */

/* Begin PBXFileReference section */
		A7B4CAC726EEBE8B00E8559D /* Instagram.app */ = {isa = PBXFileReference; explicitFileType = wrapper.application; includeInIndex = 0; path = Instagram.app; sourceTree = BUILT_PRODUCTS_DIR; };
		A7B4CACA26EEBE8B00E8559D /* AppDelegate.swift */ = {isa = PBXFileReference; lastKnownFileType = sourcecode.swift; path = AppDelegate.swift; sourceTree = "<group>"; };
		A7B4CACC26EEBE8B00E8559D /* SceneDelegate.swift */ = {isa = PBXFileReference; lastKnownFileType = sourcecode.swift; path = SceneDelegate.swift; sourceTree = "<group>"; };
		A7B4CACE26EEBE8B00E8559D /* HomeViewController.swift */ = {isa = PBXFileReference; lastKnownFileType = sourcecode.swift; path = HomeViewController.swift; sourceTree = "<group>"; };
		A7B4CAD126EEBE8B00E8559D /* Base */ = {isa = PBXFileReference; lastKnownFileType = file.storyboard; name = Base; path = Base.lproj/Main.storyboard; sourceTree = "<group>"; };
		A7B4CAD326EEBE8C00E8559D /* Assets.xcassets */ = {isa = PBXFileReference; lastKnownFileType = folder.assetcatalog; path = Assets.xcassets; sourceTree = "<group>"; };
		A7B4CAD626EEBE8C00E8559D /* Base */ = {isa = PBXFileReference; lastKnownFileType = file.storyboard; name = Base; path = Base.lproj/LaunchScreen.storyboard; sourceTree = "<group>"; };
		A7B4CAD826EEBE8C00E8559D /* Info.plist */ = {isa = PBXFileReference; lastKnownFileType = text.plist.xml; path = Info.plist; sourceTree = "<group>"; };
		A7B4CAE326EEC12700E8559D /* ExploreViewController.swift */ = {isa = PBXFileReference; lastKnownFileType = sourcecode.swift; path = ExploreViewController.swift; sourceTree = "<group>"; };
		A7B4CAE526EEC27B00E8559D /* CameraViewController.swift */ = {isa = PBXFileReference; lastKnownFileType = sourcecode.swift; path = CameraViewController.swift; sourceTree = "<group>"; };
		A7B4CAE726EEC29000E8559D /* NotificationsViewController.swift */ = {isa = PBXFileReference; lastKnownFileType = sourcecode.swift; path = NotificationsViewController.swift; sourceTree = "<group>"; };
		A7B4CAE926EEC2A100E8559D /* ProfileViewController.swift */ = {isa = PBXFileReference; lastKnownFileType = sourcecode.swift; path = ProfileViewController.swift; sourceTree = "<group>"; };
/* End PBXFileReference section */

/* Begin PBXFrameworksBuildPhase section */
		A7B4CAC426EEBE8B00E8559D /* Frameworks */ = {
			isa = PBXFrameworksBuildPhase;
			buildActionMask = 2147483647;
			files = (
			);
			runOnlyForDeploymentPostprocessing = 0;
		};
/* End PBXFrameworksBuildPhase section */

/* Begin PBXGroup section */
		A7B4CABE26EEBE8B00E8559D = {
			isa = PBXGroup;
			children = (
				A7B4CAC926EEBE8B00E8559D /* Instagram */,
				A7B4CAC826EEBE8B00E8559D /* Products */,
			);
			sourceTree = "<group>";
		};
		A7B4CAC826EEBE8B00E8559D /* Products */ = {
			isa = PBXGroup;
			children = (
				A7B4CAC726EEBE8B00E8559D /* Instagram.app */,
			);
			name = Products;
			sourceTree = "<group>";
		};
		A7B4CAC926EEBE8B00E8559D /* Instagram */ = {
			isa = PBXGroup;
			children = (
				A7B4CAE126EEBFEB00E8559D /* Resources */,
				A7B4CAE026EEBFE400E8559D /* Models */,
				A7B4CADF26EEBFD200E8559D /* Views */,
				A7B4CADE26EEBFB300E8559D /* Controllers */,
				A7B4CAD826EEBE8C00E8559D /* Info.plist */,
			);
			path = Instagram;
			sourceTree = "<group>";
		};
		A7B4CADE26EEBFB300E8559D /* Controllers */ = {
			isa = PBXGroup;
			children = (
				A7B4CACE26EEBE8B00E8559D /* HomeViewController.swift */,
				A7B4CAE326EEC12700E8559D /* ExploreViewController.swift */,
				A7B4CAE526EEC27B00E8559D /* CameraViewController.swift */,
				A7B4CAE726EEC29000E8559D /* NotificationsViewController.swift */,
				A7B4CAE926EEC2A100E8559D /* ProfileViewController.swift */,
			);
			path = Controllers;
			sourceTree = "<group>";
		};
		A7B4CADF26EEBFD200E8559D /* Views */ = {
			isa = PBXGroup;
			children = (
				A7B4CAE226EEC05500E8559D /* Storyboards */,
				A7B4CAD326EEBE8C00E8559D /* Assets.xcassets */,
			);
			path = Views;
			sourceTree = "<group>";
		};
		A7B4CAE026EEBFE400E8559D /* Models */ = {
			isa = PBXGroup;
			children = (
			);
			path = Models;
			sourceTree = "<group>";
		};
		A7B4CAE126EEBFEB00E8559D /* Resources */ = {
			isa = PBXGroup;
			children = (
				A7B4CACA26EEBE8B00E8559D /* AppDelegate.swift */,
				A7B4CACC26EEBE8B00E8559D /* SceneDelegate.swift */,
			);
			path = Resources;
			sourceTree = "<group>";
		};
		A7B4CAE226EEC05500E8559D /* Storyboards */ = {
			isa = PBXGroup;
			children = (
				A7B4CAD026EEBE8B00E8559D /* Main.storyboard */,
				A7B4CAD526EEBE8C00E8559D /* LaunchScreen.storyboard */,
			);
			path = Storyboards;
			sourceTree = "<group>";
		};
/* End PBXGroup section */

/* Begin PBXNativeTarget section */
		A7B4CAC626EEBE8B00E8559D /* Instagram */ = {
			isa = PBXNativeTarget;
			buildConfigurationList = A7B4CADB26EEBE8C00E8559D /* Build configuration list for PBXNativeTarget "Instagram" */;
			buildPhases = (
				A7B4CAC326EEBE8B00E8559D /* Sources */,
				A7B4CAC426EEBE8B00E8559D /* Frameworks */,
				A7B4CAC526EEBE8B00E8559D /* Resources */,
			);
			buildRules = (
			);
			dependencies = (
			);
			name = Instagram;
			productName = Instagram;
			productReference = A7B4CAC726EEBE8B00E8559D /* Instagram.app */;
			productType = "com.apple.product-type.application";
		};
/* End PBXNativeTarget section */

/* Begin PBXProject section */
		A7B4CABF26EEBE8B00E8559D /* Project object */ = {
			isa = PBXProject;
			attributes = {
				LastSwiftUpdateCheck = 1250;
				LastUpgradeCheck = 1250;
				TargetAttributes = {
					A7B4CAC626EEBE8B00E8559D = {
						CreatedOnToolsVersion = 12.5.1;
					};
				};
			};
			buildConfigurationList = A7B4CAC226EEBE8B00E8559D /* Build configuration list for PBXProject "Instagram" */;
			compatibilityVersion = "Xcode 9.3";
			developmentRegion = en;
			hasScannedForEncodings = 0;
			knownRegions = (
				en,
				Base,
			);
			mainGroup = A7B4CABE26EEBE8B00E8559D;
			productRefGroup = A7B4CAC826EEBE8B00E8559D /* Products */;
			projectDirPath = "";
			projectRoot = "";
			targets = (
				A7B4CAC626EEBE8B00E8559D /* Instagram */,
			);
		};
/* End PBXProject section */

/* Begin PBXResourcesBuildPhase section */
		A7B4CAC526EEBE8B00E8559D /* Resources */ = {
			isa = PBXResourcesBuildPhase;
			buildActionMask = 2147483647;
			files = (
				A7B4CAD726EEBE8C00E8559D /* LaunchScreen.storyboard in Resources */,
				A7B4CAD426EEBE8C00E8559D /* Assets.xcassets in Resources */,
				A7B4CAD226EEBE8B00E8559D /* Main.storyboard in Resources */,
			);
			runOnlyForDeploymentPostprocessing = 0;
		};
/* End PBXResourcesBuildPhase section */

/* Begin PBXSourcesBuildPhase section */
		A7B4CAC326EEBE8B00E8559D /* Sources */ = {
			isa = PBXSourcesBuildPhase;
			buildActionMask = 2147483647;
			files = (
				A7B4CAE426EEC12700E8559D /* ExploreViewController.swift in Sources */,
				A7B4CAE626EEC27B00E8559D /* CameraViewController.swift in Sources */,
				A7B4CACF26EEBE8B00E8559D /* HomeViewController.swift in Sources */,
				A7B4CAE826EEC29000E8559D /* NotificationsViewController.swift in Sources */,
				A7B4CAEA26EEC2A100E8559D /* ProfileViewController.swift in Sources */,
				A7B4CACB26EEBE8B00E8559D /* AppDelegate.swift in Sources */,
				A7B4CACD26EEBE8B00E8559D /* SceneDelegate.swift in Sources */,
			);
			runOnlyForDeploymentPostprocessing = 0;
		};
/* End PBXSourcesBuildPhase section */

/* Begin PBXVariantGroup section */
		A7B4CAD026EEBE8B00E8559D /* Main.storyboard */ = {
			isa = PBXVariantGroup;
			children = (
				A7B4CAD126EEBE8B00E8559D /* Base */,
			);
			name = Main.storyboard;
			sourceTree = "<group>";
		};
		A7B4CAD526EEBE8C00E8559D /* LaunchScreen.storyboard */ = {
			isa = PBXVariantGroup;
			children = (
				A7B4CAD626EEBE8C00E8559D /* Base */,
			);
			name = LaunchScreen.storyboard;
			sourceTree = "<group>";
		};
/* End PBXVariantGroup section */

/* Begin XCBuildConfiguration section */
		A7B4CAD926EEBE8C00E8559D /* Debug */ = {
			isa = XCBuildConfiguration;
			buildSettings = {
				ALWAYS_SEARCH_USER_PATHS = NO;
				CLANG_ANALYZER_NONNULL = YES;
				CLANG_ANALYZER_NUMBER_OBJECT_CONVERSION = YES_AGGRESSIVE;
				CLANG_CXX_LANGUAGE_STANDARD = "gnu++14";
				CLANG_CXX_LIBRARY = "libc++";
				CLANG_ENABLE_MODULES = YES;
				CLANG_ENABLE_OBJC_ARC = YES;
				CLANG_ENABLE_OBJC_WEAK = YES;
				CLANG_WARN_BLOCK_CAPTURE_AUTORELEASING = YES;
				CLANG_WARN_BOOL_CONVERSION = YES;
				CLANG_WARN_COMMA = YES;
				CLANG_WARN_CONSTANT_CONVERSION = YES;
				CLANG_WARN_DEPRECATED_OBJC_IMPLEMENTATIONS = YES;
				CLANG_WARN_DIRECT_OBJC_ISA_USAGE = YES_ERROR;
				CLANG_WARN_DOCUMENTATION_COMMENTS = YES;
				CLANG_WARN_EMPTY_BODY = YES;
				CLANG_WARN_ENUM_CONVERSION = YES;
				CLANG_WARN_INFINITE_RECURSION = YES;
				CLANG_WARN_INT_CONVERSION = YES;
				CLANG_WARN_NON_LITERAL_NULL_CONVERSION = YES;
				CLANG_WARN_OBJC_IMPLICIT_RETAIN_SELF = YES;
				CLANG_WARN_OBJC_LITERAL_CONVERSION = YES;
				CLANG_WARN_OBJC_ROOT_CLASS = YES_ERROR;
				CLANG_WARN_QUOTED_INCLUDE_IN_FRAMEWORK_HEADER = YES;
				CLANG_WARN_RANGE_LOOP_ANALYSIS = YES;
				CLANG_WARN_STRICT_PROTOTYPES = YES;
				CLANG_WARN_SUSPICIOUS_MOVE = YES;
				CLANG_WARN_UNGUARDED_AVAILABILITY = YES_AGGRESSIVE;
				CLANG_WARN_UNREACHABLE_CODE = YES;
				CLANG_WARN__DUPLICATE_METHOD_MATCH = YES;
				COPY_PHASE_STRIP = NO;
				DEBUG_INFORMATION_FORMAT = dwarf;
				ENABLE_STRICT_OBJC_MSGSEND = YES;
				ENABLE_TESTABILITY = YES;
				GCC_C_LANGUAGE_STANDARD = gnu11;
				GCC_DYNAMIC_NO_PIC = NO;
				GCC_NO_COMMON_BLOCKS = YES;
				GCC_OPTIMIZATION_LEVEL = 0;
				GCC_PREPROCESSOR_DEFINITIONS = (
					"DEBUG=1",
					"$(inherited)",
				);
				GCC_WARN_64_TO_32_BIT_CONVERSION = YES;
				GCC_WARN_ABOUT_RETURN_TYPE = YES_ERROR;
				GCC_WARN_UNDECLARED_SELECTOR = YES;
				GCC_WARN_UNINITIALIZED_AUTOS = YES_AGGRESSIVE;
				GCC_WARN_UNUSED_FUNCTION = YES;
				GCC_WARN_UNUSED_VARIABLE = YES;
				IPHONEOS_DEPLOYMENT_TARGET = 14.5;
				MTL_ENABLE_DEBUG_INFO = INCLUDE_SOURCE;
				MTL_FAST_MATH = YES;
				ONLY_ACTIVE_ARCH = YES;
				SDKROOT = iphoneos;
				SWIFT_ACTIVE_COMPILATION_CONDITIONS = DEBUG;
				SWIFT_OPTIMIZATION_LEVEL = "-Onone";
			};
			name = Debug;
		};
		A7B4CADA26EEBE8C00E8559D /* Release */ = {
			isa = XCBuildConfiguration;
			buildSettings = {
				ALWAYS_SEARCH_USER_PATHS = NO;
				CLANG_ANALYZER_NONNULL = YES;
				CLANG_ANALYZER_NUMBER_OBJECT_CONVERSION = YES_AGGRESSIVE;
				CLANG_CXX_LANGUAGE_STANDARD = "gnu++14";
				CLANG_CXX_LIBRARY = "libc++";
				CLANG_ENABLE_MODULES = YES;
				CLANG_ENABLE_OBJC_ARC = YES;
				CLANG_ENABLE_OBJC_WEAK = YES;
				CLANG_WARN_BLOCK_CAPTURE_AUTORELEASING = YES;
				CLANG_WARN_BOOL_CONVERSION = YES;
				CLANG_WARN_COMMA = YES;
				CLANG_WARN_CONSTANT_CONVERSION = YES;
				CLANG_WARN_DEPRECATED_OBJC_IMPLEMENTATIONS = YES;
				CLANG_WARN_DIRECT_OBJC_ISA_USAGE = YES_ERROR;
				CLANG_WARN_DOCUMENTATION_COMMENTS = YES;
				CLANG_WARN_EMPTY_BODY = YES;
				CLANG_WARN_ENUM_CONVERSION = YES;
				CLANG_WARN_INFINITE_RECURSION = YES;
				CLANG_WARN_INT_CONVERSION = YES;
				CLANG_WARN_NON_LITERAL_NULL_CONVERSION = YES;
				CLANG_WARN_OBJC_IMPLICIT_RETAIN_SELF = YES;
				CLANG_WARN_OBJC_LITERAL_CONVERSION = YES;
				CLANG_WARN_OBJC_ROOT_CLASS = YES_ERROR;
				CLANG_WARN_QUOTED_INCLUDE_IN_FRAMEWORK_HEADER = YES;
				CLANG_WARN_RANGE_LOOP_ANALYSIS = YES;
				CLANG_WARN_STRICT_PROTOTYPES = YES;
				CLANG_WARN_SUSPICIOUS_MOVE = YES;
				CLANG_WARN_UNGUARDED_AVAILABILITY = YES_AGGRESSIVE;
				CLANG_WARN_UNREACHABLE_CODE = YES;
				CLANG_WARN__DUPLICATE_METHOD_MATCH = YES;
				COPY_PHASE_STRIP = NO;
				DEBUG_INFORMATION_FORMAT = "dwarf-with-dsym";
				ENABLE_NS_ASSERTIONS = NO;
				ENABLE_STRICT_OBJC_MSGSEND = YES;
				GCC_C_LANGUAGE_STANDARD = gnu11;
				GCC_NO_COMMON_BLOCKS = YES;
				GCC_WARN_64_TO_32_BIT_CONVERSION = YES;
				GCC_WARN_ABOUT_RETURN_TYPE = YES_ERROR;
				GCC_WARN_UNDECLARED_SELECTOR = YES;
				GCC_WARN_UNINITIALIZED_AUTOS = YES_AGGRESSIVE;
				GCC_WARN_UNUSED_FUNCTION = YES;
				GCC_WARN_UNUSED_VARIABLE = YES;
				IPHONEOS_DEPLOYMENT_TARGET = 14.5;
				MTL_ENABLE_DEBUG_INFO = NO;
				MTL_FAST_MATH = YES;
				SDKROOT = iphoneos;
				SWIFT_COMPILATION_MODE = wholemodule;
				SWIFT_OPTIMIZATION_LEVEL = "-O";
				VALIDATE_PRODUCT = YES;
			};
			name = Release;
		};
		A7B4CADC26EEBE8C00E8559D /* Debug */ = {
			isa = XCBuildConfiguration;
			buildSettings = {
				ASSETCATALOG_COMPILER_APPICON_NAME = AppIcon;
				ASSETCATALOG_COMPILER_GLOBAL_ACCENT_COLOR_NAME = AccentColor;
				CODE_SIGN_STYLE = Automatic;
				DEVELOPMENT_TEAM = VSNLGQXC26;
				INFOPLIST_FILE = Instagram/Info.plist;
				LD_RUNPATH_SEARCH_PATHS = (
					"$(inherited)",
					"@executable_path/Frameworks",
				);
				PRODUCT_BUNDLE_IDENTIFIER = br.com.erick.Instagram;
				PRODUCT_NAME = "$(TARGET_NAME)";
				SWIFT_VERSION = 5.0;
				TARGETED_DEVICE_FAMILY = "1,2";
			};
			name = Debug;
		};
		A7B4CADD26EEBE8C00E8559D /* Release */ = {
			isa = XCBuildConfiguration;
			buildSettings = {
				ASSETCATALOG_COMPILER_APPICON_NAME = AppIcon;
				ASSETCATALOG_COMPILER_GLOBAL_ACCENT_COLOR_NAME = AccentColor;
				CODE_SIGN_STYLE = Automatic;
				DEVELOPMENT_TEAM = VSNLGQXC26;
				INFOPLIST_FILE = Instagram/Info.plist;
				LD_RUNPATH_SEARCH_PATHS = (
					"$(inherited)",
					"@executable_path/Frameworks",
				);
				PRODUCT_BUNDLE_IDENTIFIER = br.com.erick.Instagram;
				PRODUCT_NAME = "$(TARGET_NAME)";
				SWIFT_VERSION = 5.0;
				TARGETED_DEVICE_FAMILY = "1,2";
			};
			name = Release;
		};
/* End XCBuildConfiguration section */

/* Begin XCConfigurationList section */
		A7B4CAC226EEBE8B00E8559D /* Build configuration list for PBXProject "Instagram" */ = {
			isa = XCConfigurationList;
			buildConfigurations = (
				A7B4CAD926EEBE8C00E8559D /* Debug */,
				A7B4CADA26EEBE8C00E8559D /* Release */,
			);
			defaultConfigurationIsVisible = 0;
			defaultConfigurationName = Release;
		};
		A7B4CADB26EEBE8C00E8559D /* Build configuration list for PBXNativeTarget "Instagram" */ = {
			isa = XCConfigurationList;
			buildConfigurations = (
				A7B4CADC26EEBE8C00E8559D /* Debug */,
				A7B4CADD26EEBE8C00E8559D /* Release */,
			);
			defaultConfigurationIsVisible = 0;
			defaultConfigurationName = Release;
		};
/* End XCConfigurationList section */
	};
	rootObject = A7B4CABF26EEBE8B00E8559D /* Project object */;
}
